
Microsoft Visual Studio Solution File, Format Version 12.00
# Visual Studio 15
VisualStudioVersion = 15.0.28010.2016
MinimumVisualStudioVersion = 10.0.40219.1
Project("{FAE04EC0-301F-11D3-BF4B-00C04F79EFBC}") = "BookStore", "BookStore\BookStore.csproj", "{B9B24F9E-9C12-45A6-89CA-FCBBD7D3F450}"
EndProject
Global
	GlobalSection(SolutionConfigurationPlatforms) = preSolution
		Debug|Any CPU = Debug|Any CPU
		Release|Any CPU = Release|Any CPU
	EndGlobalSection
	GlobalSection(ProjectConfigurationPlatforms) = postSolution
		{B9B24F9E-9C12-45A6-89CA-FCBBD7D3F450}.Debug|Any CPU.ActiveCfg = Debug|Any CPU
		{B9B24F9E-9C12-45A6-89CA-FCBBD7D3F450}.Debug|Any CPU.Build.0 = Debug|Any CPU
		{B9B24F9E-9C12-45A6-89CA-FCBBD7D3F450}.Release|Any CPU.ActiveCfg = Release|Any CPU
		{B9B24F9E-9C12-45A6-89CA-FCBBD7D3F450}.Release|Any CPU.Build.0 = Release|Any CPU
	EndGlobalSection
	GlobalSection(SolutionProperties) = preSolution
		HideSolutionNode = FALSE
	EndGlobalSection
	GlobalSection(ExtensibilityGlobals) = postSolution
		SolutionGuid = {DA375462-1C3D-4E04-819F-19CD8CC73556}
	EndGlobalSection
EndGlobal
